{
  "name": "Pomoclone",
  "lockfileVersion": 2,
  "requires": true,
  "packages": {
    "": {
      "dependencies": {
        "howler": "^2.2.3"
      },
      "devDependencies": {
        "@types/howler": "^2.2.7"
      }
    },
    "node_modules/@types/howler": {
      "version": "2.2.7",
      "resolved": "https://registry.npmjs.org/@types/howler/-/howler-2.2.7.tgz",
      "integrity": "sha512-PEZldwZqJJw1PWRTpupyC7ajVTZA8aHd8nB/Y0n6zRZi5u8ktYDntsHj13ltEiBRqWwF06pASxBEvCTxniG8eA==",
      "dev": true
    },
    "node_modules/howler": {
      "version": "2.2.3",
      "resolved": "https://registry.npmjs.org/howler/-/howler-2.2.3.tgz",
      "integrity": "sha512-QM0FFkw0LRX1PR8pNzJVAY25JhIWvbKMBFM4gqk+QdV+kPXOhleWGCB6AiAF/goGjIHK2e/nIElplvjQwhr0jg=="
    }
  },
  "dependencies": {
    "@types/howler": {
      "version": "2.2.7",
      "resolved": "https://registry.npmjs.org/@types/howler/-/howler-2.2.7.tgz",
      "integrity": "sha512-PEZldwZqJJw1PWRTpupyC7ajVTZA8aHd8nB/Y0n6zRZi5u8ktYDntsHj13ltEiBRqWwF06pASxBEvCTxniG8eA==",
      "dev": true
    },
    "howler": {
      "version": "2.2.3",
      "resolved": "https://registry.npmjs.org/howler/-/howler-2.2.3.tgz",
      "integrity": "sha512-QM0FFkw0LRX1PR8pNzJVAY25JhIWvbKMBFM4gqk+QdV+kPXOhleWGCB6AiAF/goGjIHK2e/nIElplvjQwhr0jg=="
    }
  }
}
